
Microsoft Visual Studio Solution File, Format Version 12.00
# Visual Studio Version 17
VisualStudioVersion = 17.4.33205.214
MinimumVisualStudioVersion = 10.0.40219.1
Project("{FAE04EC0-301F-11D3-BF4B-00C04F79EFBC}") = "JobList.API", "JobList.API\JobList.API.csproj", "{128F62B9-59F1-4A04-AE90-8E7414AE4A3B}"
EndProject
Project("{FAE04EC0-301F-11D3-BF4B-00C04F79EFBC}") = "JobList.Repositories", "JobList.Repositories\JobList.Repositories.csproj", "{804920FB-D5B3-4A88-950A-B1810B6F1890}"
EndProject
Project("{FAE04EC0-301F-11D3-BF4B-00C04F79EFBC}") = "JobList.Services", "JobList.Services\JobList.Services.csproj", "{FD79F671-0332-48ED-B5A5-73471BF56FBC}"
EndProject
Project("{FAE04EC0-301F-11D3-BF4B-00C04F79EFBC}") = "JobList.Resources", "JobList.Resources\JobList.Resources.csproj", "{9637769A-D60C-45DB-8BCB-01658C2FD7A5}"
EndProject
Project("{FAE04EC0-301F-11D3-BF4B-00C04F79EFBC}") = "JobList.Entities", "JobList.Entities\JobList.Entities.csproj", "{A080D1CF-AFF4-4F70-995D-094CD9A67B4E}"
EndProject
Project("{FAE04EC0-301F-11D3-BF4B-00C04F79EFBC}") = "JobList.Framework", "JobList.Framework\JobList.Framework.csproj", "{D4C7C47B-C540-4DD7-82A9-C9A6D2F386F4}"
EndProject
Global
	GlobalSection(SolutionConfigurationPlatforms) = preSolution
		Debug|Any CPU = Debug|Any CPU
		Release|Any CPU = Release|Any CPU
	EndGlobalSection
	GlobalSection(ProjectConfigurationPlatforms) = postSolution
		{128F62B9-59F1-4A04-AE90-8E7414AE4A3B}.Debug|Any CPU.ActiveCfg = Debug|Any CPU
		{128F62B9-59F1-4A04-AE90-8E7414AE4A3B}.Debug|Any CPU.Build.0 = Debug|Any CPU
		{128F62B9-59F1-4A04-AE90-8E7414AE4A3B}.Release|Any CPU.ActiveCfg = Release|Any CPU
		{128F62B9-59F1-4A04-AE90-8E7414AE4A3B}.Release|Any CPU.Build.0 = Release|Any CPU
		{804920FB-D5B3-4A88-950A-B1810B6F1890}.Debug|Any CPU.ActiveCfg = Debug|Any CPU
		{804920FB-D5B3-4A88-950A-B1810B6F1890}.Debug|Any CPU.Build.0 = Debug|Any CPU
		{804920FB-D5B3-4A88-950A-B1810B6F1890}.Release|Any CPU.ActiveCfg = Release|Any CPU
		{804920FB-D5B3-4A88-950A-B1810B6F1890}.Release|Any CPU.Build.0 = Release|Any CPU
		{FD79F671-0332-48ED-B5A5-73471BF56FBC}.Debug|Any CPU.ActiveCfg = Debug|Any CPU
		{FD79F671-0332-48ED-B5A5-73471BF56FBC}.Debug|Any CPU.Build.0 = Debug|Any CPU
		{FD79F671-0332-48ED-B5A5-73471BF56FBC}.Release|Any CPU.ActiveCfg = Release|Any CPU
		{FD79F671-0332-48ED-B5A5-73471BF56FBC}.Release|Any CPU.Build.0 = Release|Any CPU
		{9637769A-D60C-45DB-8BCB-01658C2FD7A5}.Debug|Any CPU.ActiveCfg = Debug|Any CPU
		{9637769A-D60C-45DB-8BCB-01658C2FD7A5}.Debug|Any CPU.Build.0 = Debug|Any CPU
		{9637769A-D60C-45DB-8BCB-01658C2FD7A5}.Release|Any CPU.ActiveCfg = Release|Any CPU
		{9637769A-D60C-45DB-8BCB-01658C2FD7A5}.Release|Any CPU.Build.0 = Release|Any CPU
		{A080D1CF-AFF4-4F70-995D-094CD9A67B4E}.Debug|Any CPU.ActiveCfg = Debug|Any CPU
		{A080D1CF-AFF4-4F70-995D-094CD9A67B4E}.Debug|Any CPU.Build.0 = Debug|Any CPU
		{A080D1CF-AFF4-4F70-995D-094CD9A67B4E}.Release|Any CPU.ActiveCfg = Release|Any CPU
		{A080D1CF-AFF4-4F70-995D-094CD9A67B4E}.Release|Any CPU.Build.0 = Release|Any CPU
		{D4C7C47B-C540-4DD7-82A9-C9A6D2F386F4}.Debug|Any CPU.ActiveCfg = Debug|Any CPU
		{D4C7C47B-C540-4DD7-82A9-C9A6D2F386F4}.Debug|Any CPU.Build.0 = Debug|Any CPU
		{D4C7C47B-C540-4DD7-82A9-C9A6D2F386F4}.Release|Any CPU.ActiveCfg = Release|Any CPU
		{D4C7C47B-C540-4DD7-82A9-C9A6D2F386F4}.Release|Any CPU.Build.0 = Release|Any CPU
	EndGlobalSection
	GlobalSection(SolutionProperties) = preSolution
		HideSolutionNode = FALSE
	EndGlobalSection
	GlobalSection(ExtensibilityGlobals) = postSolution
		SolutionGuid = {5DA36811-4A9A-4A39-9327-6E689E10619E}
	EndGlobalSection
EndGlobal
